{
  "name": "blockSite",
  "lockfileVersion": 3,
  "requires": true,
  "packages": {
    "": {
      "dependencies": {
        "flush-promises": "^1.0.2"
      }
    },
    "node_modules/flush-promises": {
      "version": "1.0.2",
      "resolved": "https://registry.npmjs.org/flush-promises/-/flush-promises-1.0.2.tgz",
      "integrity": "sha512-G0sYfLQERwKz4+4iOZYQEZVpOt9zQrlItIxQAAYAWpfby3gbHrx0osCHz5RLl/XoXevXk0xoN4hDFky/VV9TrA==",
      "license": "MIT"
    }
  }
}
